<?xml version="1.0" encoding="utf-8"?>
<Project ToolsVersion="4.0" xmlns="http://schemas.microsoft.com/developer/msbuild/2003">
  <ItemGroup>
    <Filter Include="Fichiers sources">
      <UniqueIdentifier>{4FC737F1-C7A5-4376-A066-2A32D752A2FF}</UniqueIdentifier>
      <Extensions>cpp;c;cc;cxx;def;odl;idl;hpj;bat;asm;asmx</Extensions>
    </Filter>
    <Filter Include="Fichiers d%27en-tête">
      <UniqueIdentifier>{93995380-89BD-4b04-88EB-625FBE52EBFB}</UniqueIdentifier>
      <Extensions>h;hh;hpp;hxx;hm;inl;inc;ipp;xsd</Extensions>
    </Filter>
    <Filter Include="Fichiers de ressources">
      <UniqueIdentifier>{67DA6AB6-F800-4c08-8B7A-83BB121AAD01}</UniqueIdentifier>
      <Extensions>rc;ico;cur;bmp;dlg;rc2;rct;bin;rgs;gif;jpg;jpeg;jpe;resx;tiff;tif;png;wav;mfcribbon-ms</Extensions>
    </Filter>
  </ItemGroup>
  <ItemGroup>
    <ClCompile Include="GAParameters.cpp">
      <Filter>Fichiers sources</Filter>
    </ClCompile>
    <ClCompile Include="SelectionStrategy.cpp">
      <Filter>Fichiers sources</Filter>
    </ClCompile>
    <ClCompile Include="SelectionRouletteWheel.cpp">
      <Filter>Fichiers sources</Filter>
    </ClCompile>
    <ClCompile Include="CrossoverStrategy.cpp">
      <Filter>Fichiers sources</Filter>
    </ClCompile>
    <ClCompile Include="CrossoverSinglePointByChromosome.cpp">
      <Filter>Fichiers sources</Filter>
    </ClCompile>
    <ClCompile Include="MutationByChromosome.cpp">
      <Filter>Fichiers sources</Filter>
    </ClCompile>
    <ClCompile Include="MutationStrategy.cpp">
      <Filter>Fichiers sources</Filter>
    </ClCompile>
    <ClCompile Include="EvolutionObserver.cpp">
      <Filter>Fichiers sources</Filter>
    </ClCompile>
    <ClCompile Include="EvolutionStatus.cpp">
      <Filter>Fichiers sources</Filter>
    </ClCompile>
    <ClCompile Include="GAEngine.cpp">
      <Filter>Fichiers sources</Filter>
    </ClCompile>
    <ClCompile Include="Canvas.cpp">
      <Filter>Fichiers sources</Filter>
    </ClCompile>
    <ClCompile Include="Chromosome.cpp">
      <Filter>Fichiers sources</Filter>
    </ClCompile>
    <ClCompile Include="fitness_t.cpp">
      <Filter>Fichiers sources</Filter>
    </ClCompile>
    <ClCompile Include="Population.cpp">
      <Filter>Fichiers sources</Filter>
    </ClCompile>
    <ClCompile Include="PopulationEngine.cpp">
      <Filter>Fichiers sources</Filter>
    </ClCompile>
    <ClCompile Include="Projet3.cpp">
      <Filter>Fichiers sources</Filter>
    </ClCompile>
    <ClCompile Include="RandomUtil.cpp">
      <Filter>Fichiers sources</Filter>
    </ClCompile>
    <ClCompile Include="Shape.cpp">
      <Filter>Fichiers sources</Filter>
    </ClCompile>
    <ClCompile Include="ShapeCircle.cpp">
      <Filter>Fichiers sources</Filter>
    </ClCompile>
    <ClCompile Include="ShapeObserver.cpp">
      <Filter>Fichiers sources</Filter>
    </ClCompile>
    <ClCompile Include="ShapeOptimizer.cpp">
      <Filter>Fichiers sources</Filter>
    </ClCompile>
    <ClCompile Include="ShapeRectangle.cpp">
      <Filter>Fichiers sources</Filter>
    </ClCompile>
    <ClCompile Include="ShapeTriangle.cpp">
      <Filter>Fichiers sources</Filter>
    </ClCompile>
    <ClCompile Include="View.cpp">
      <Filter>Fichiers sources</Filter>
    </ClCompile>
  </ItemGroup>
  <ItemGroup>
    <ClInclude Include="GAParameters.h">
      <Filter>Fichiers d%27en-tête</Filter>
    </ClInclude>
    <ClInclude Include="SelectionStrategy.h">
      <Filter>Fichiers d%27en-tête</Filter>
    </ClInclude>
    <ClInclude Include="SelectionRouletteWheel.h">
      <Filter>Fichiers d%27en-tête</Filter>
    </ClInclude>
    <ClInclude Include="CrossoverStrategy.h">
      <Filter>Fichiers d%27en-tête</Filter>
    </ClInclude>
    <ClInclude Include="CrossoverSinglePointByChromosome.h">
      <Filter>Fichiers d%27en-tête</Filter>
    </ClInclude>
    <ClInclude Include="MutationByChromosome.h">
      <Filter>Fichiers d%27en-tête</Filter>
    </ClInclude>
    <ClInclude Include="MutationStrategy.h">
      <Filter>Fichiers d%27en-tête</Filter>
    </ClInclude>
    <ClInclude Include="EvolutionObserver.h">
      <Filter>Fichiers d%27en-tête</Filter>
    </ClInclude>
    <ClInclude Include="EvolutionStatus.h">
      <Filter>Fichiers d%27en-tête</Filter>
    </ClInclude>
    <ClInclude Include="GAEngine.h">
      <Filter>Fichiers sources</Filter>
    </ClInclude>
    <ClInclude Include="Canvas.h">
      <Filter>Fichiers sources</Filter>
    </ClInclude>
    <ClInclude Include="Chromosome.h">
      <Filter>Fichiers sources</Filter>
    </ClInclude>
    <ClInclude Include="fitness_t.h">
      <Filter>Fichiers sources</Filter>
    </ClInclude>
    <ClInclude Include="FitnessStatistics.h">
      <Filter>Fichiers sources</Filter>
    </ClInclude>
    <ClInclude Include="fitnessStatisticsOverTime.h">
      <Filter>Fichiers sources</Filter>
    </ClInclude>
    <ClInclude Include="Point.h">
      <Filter>Fichiers sources</Filter>
    </ClInclude>
    <ClInclude Include="population.h">
      <Filter>Fichiers sources</Filter>
    </ClInclude>
    <ClInclude Include="PopulationEngine.h">
      <Filter>Fichiers sources</Filter>
    </ClInclude>
    <ClInclude Include="RandomUtil.h">
      <Filter>Fichiers sources</Filter>
    </ClInclude>
    <ClInclude Include="Rectangle.h">
      <Filter>Fichiers sources</Filter>
    </ClInclude>
    <ClInclude Include="Shape.h">
      <Filter>Fichiers sources</Filter>
    </ClInclude>
    <ClInclude Include="ShapeCircle.h">
      <Filter>Fichiers sources</Filter>
    </ClInclude>
    <ClInclude Include="ShapeObserver.h">
      <Filter>Fichiers sources</Filter>
    </ClInclude>
    <ClInclude Include="ShapeOptimizer.h">
      <Filter>Fichiers sources</Filter>
    </ClInclude>
    <ClInclude Include="ShapeRectangle.h">
      <Filter>Fichiers sources</Filter>
    </ClInclude>
    <ClInclude Include="ShapeTriangle.h">
      <Filter>Fichiers sources</Filter>
    </ClInclude>
    <ClInclude Include="Size.h">
      <Filter>Fichiers sources</Filter>
    </ClInclude>
    <ClInclude Include="View.h">
      <Filter>Fichiers sources</Filter>
    </ClInclude>
  </ItemGroup>
</Project>